# This file is autogenerated, do not edit; changes may be undone by the next 'dep ensure'.


[[projects]]
  name = "github.com/davecgh/go-spew"
  packages = ["spew"]
  revision = "346938d642f2ec3594ed81d874461961cd0faa76"
  version = "v1.1.0"

[[projects]]
  branch = "master"
  name = "github.com/dchest/uniuri"
  packages = ["."]
  revision = "8902c56451e9b58ff940bbe5fec35d5f9c04584a"

[[projects]]
  name = "github.com/fsnotify/fsnotify"
  packages = ["."]
  revision = "7d7316ed6e1ed2de075aab8dfc76de5d158d66e1"

[[projects]]
  name = "github.com/google/go-github"
  packages = ["github"]
  revision = "e48060a28fac52d0f1cb758bc8b87c07bac4a87d"
  version = "v15.0.0"

[[projects]]
  branch = "master"
  name = "github.com/google/go-querystring"
  packages = ["query"]
  revision = "53e6ce116135b80d037921a7fdd5138cf32d7a8a"

[[projects]]
  name = "github.com/hashicorp/hcl"
  packages = [
    ".",
    "hcl/ast",
    "hcl/parser",
    "hcl/printer",
    "hcl/scanner",
    "hcl/strconv",
    "hcl/token",
    "json/parser",
    "json/scanner",
    "json/token"
  ]
  revision = "630949a3c5fa3c613328e1b8256052cbc2327c9b"

[[projects]]
  name = "github.com/magiconair/properties"
  packages = ["."]
  revision = "b3b15ef068fd0b17ddf408a23669f20811d194d2"

[[projects]]
  name = "github.com/mitchellh/mapstructure"
  packages = ["."]
  revision = "d2dd0262208475919e1a362f675cfc0e7c10e905"

[[projects]]
  branch = "master"
  name = "github.com/pelletier/go-toml"
  packages = ["."]
  revision = "66540cf1fcd2c3aee6f6787dfa32a6ae9a870f12"

[[projects]]
  name = "github.com/pmezard/go-difflib"
  packages = ["difflib"]
  revision = "792786c7400a136282c1664665ae0a8db921c6c2"
  version = "v1.0.0"

[[projects]]
  name = "github.com/spf13/afero"
  packages = [
    ".",
    "mem"
  ]
  revision = "63644898a8da0bc22138abf860edaf5277b6102e"
  version = "v1.1.0"

[[projects]]
  name = "github.com/spf13/cast"
  packages = ["."]
  revision = "ce135a4ebeee6cfe9a26c93ee0d37825f26113c7"
  version = "v1.0.0"

[[projects]]
  name = "github.com/spf13/jwalterweatherman"
  packages = ["."]
  revision = "fa7ca7e836cf3a8bb4ebf799f472c12d7e903d66"

[[projects]]
  name = "github.com/spf13/pflag"
  packages = ["."]
  revision = "9ff6c6923cfffbcd502984b8e0c80539a94968b7"

[[projects]]
  name = "github.com/spf13/viper"
  packages = ["."]
  revision = "b5e8006cbee93ec955a89ab31e0e3ce3204f3736"
  version = "v1.0.2"

[[projects]]
  name = "github.com/stretchr/testify"
  packages = ["assert"]
  revision = "12b6f73e6084dad08a7c6e575284b177ecafbc71"
  version = "v1.2.1"

[[projects]]
  name = "github.com/urfave/cli"
  packages = ["."]
  revision = "cfb38830724cc34fedffe9a2a29fb54fa9169cd1"
  version = "v1.20.0"

[[projects]]
  name = "golang.org/x/sys"
  packages = ["unix"]
  revision = "99f16d856c9836c42d24e7ab64ea72916925fa97"

[[projects]]
  branch = "master"
  name = "golang.org/x/text"
  packages = [
    "internal/gen",
    "internal/triegen",
    "internal/ucd",
    "transform",
    "unicode/cldr",
    "unicode/norm"
  ]
  revision = "7922cc490dd5a7dbaa7fd5d6196b49db59ac042f"

[[projects]]
  name = "gopkg.in/yaml.v2"
  packages = ["."]
  revision = "a3f3340b5840cee44f372bddb5880fcbc419b46a"

[solve-meta]
  analyzer-name = "dep"
  analyzer-version = 1
  inputs-digest = "b122ec207cd5301fc22003f58f2f83999e3b6e25cd6963d406ec85a02da84d77"
  solver-name = "gps-cdcl"
  solver-version = 1
